
Microsoft Visual Studio Solution File, Format Version 12.00
# Visual Studio Version 17
VisualStudioVersion = 17.8.34330.188
MinimumVisualStudioVersion = 10.0.40219.1
Project("{FAE04EC0-301F-11D3-BF4B-00C04F79EFBC}") = "WebApplication1", "WebApplication1\WebApplication1.csproj", "{568686D3-CEEE-4C5B-8E26-4D8C5E2D4CD3}"
EndProject
Project("{2150E333-8FDC-42A3-9474-1A3956D46DE8}") = "DLLS", "DLLS", "{478FEEC8-FFA3-4E80-93F5-AE1D8DCB3F86}"
	ProjectSection(SolutionItems) = preProject
		DLLS\PdfiumViewer.dll = DLLS\PdfiumViewer.dll
	EndProjectSection
EndProject
Project("{2150E333-8FDC-42A3-9474-1A3956D46DE8}") = "64BIT", "64BIT", "{5894F68F-126A-43CD-8812-A565BA02342F}"
	ProjectSection(SolutionItems) = preProject
		DLLS\64BIT\pdfium.dll = DLLS\64BIT\pdfium.dll
	EndProjectSection
EndProject
Project("{2150E333-8FDC-42A3-9474-1A3956D46DE8}") = "86BIT", "86BIT", "{03A7F241-D7DF-4F0D-BE6F-E4B4EB994A65}"
	ProjectSection(SolutionItems) = preProject
		DLLS\86BIT\pdfium.dll = DLLS\86BIT\pdfium.dll
	EndProjectSection
EndProject
Global
	GlobalSection(SolutionConfigurationPlatforms) = preSolution
		Debug|Any CPU = Debug|Any CPU
		Release|Any CPU = Release|Any CPU
	EndGlobalSection
	GlobalSection(ProjectConfigurationPlatforms) = postSolution
		{568686D3-CEEE-4C5B-8E26-4D8C5E2D4CD3}.Debug|Any CPU.ActiveCfg = Debug|Any CPU
		{568686D3-CEEE-4C5B-8E26-4D8C5E2D4CD3}.Debug|Any CPU.Build.0 = Debug|Any CPU
		{568686D3-CEEE-4C5B-8E26-4D8C5E2D4CD3}.Release|Any CPU.ActiveCfg = Release|Any CPU
		{568686D3-CEEE-4C5B-8E26-4D8C5E2D4CD3}.Release|Any CPU.Build.0 = Release|Any CPU
	EndGlobalSection
	GlobalSection(SolutionProperties) = preSolution
		HideSolutionNode = FALSE
	EndGlobalSection
	GlobalSection(NestedProjects) = preSolution
		{5894F68F-126A-43CD-8812-A565BA02342F} = {478FEEC8-FFA3-4E80-93F5-AE1D8DCB3F86}
		{03A7F241-D7DF-4F0D-BE6F-E4B4EB994A65} = {478FEEC8-FFA3-4E80-93F5-AE1D8DCB3F86}
	EndGlobalSection
	GlobalSection(ExtensibilityGlobals) = postSolution
		SolutionGuid = {DF38BCBA-86AB-4C65-8536-413BA531D7B5}
	EndGlobalSection
EndGlobal
